
Microsoft Visual Studio Solution File, Format Version 12.00
# Visual Studio Version 16
VisualStudioVersion = 16.0.30413.136
MinimumVisualStudioVersion = 10.0.40219.1
Project("{9A19103F-16F7-4668-BE54-9A1E7A4F7556}") = "PS213020_Server", "PS213020_Server\PS213020_Server.csproj", "{F1440CFC-81CC-46FB-AB9F-846B32AB1A14}"
	ProjectSection(ProjectDependencies) = postProject
		{E24EFA28-69CF-43C7-8B4D-45106C75426D} = {E24EFA28-69CF-43C7-8B4D-45106C75426D}
		{6A82EA54-5B08-4127-BC8D-16F0A4F2A6C9} = {6A82EA54-5B08-4127-BC8D-16F0A4F2A6C9}
		{15A91D7C-EFB0-463B-9B6B-AAE61B8AA675} = {15A91D7C-EFB0-463B-9B6B-AAE61B8AA675}
		{1A50CD8C-DA42-4CC9-A8AE-0CBC632FE533} = {1A50CD8C-DA42-4CC9-A8AE-0CBC632FE533}
		{2B87B39C-9C14-4F26-8616-AFCFA2622CEF} = {2B87B39C-9C14-4F26-8616-AFCFA2622CEF}
	EndProjectSection
EndProject
Project("{2150E333-8FDC-42A3-9474-1A3956D46DE8}") = "Api", "Api", "{181913EA-3AAA-4AC1-B483-362EB718ABED}"
EndProject
Project("{2150E333-8FDC-42A3-9474-1A3956D46DE8}") = "BusinesLogic", "BusinesLogic", "{67D50A11-2A7E-4A7E-9D07-B623F868E068}"
EndProject
Project("{2150E333-8FDC-42A3-9474-1A3956D46DE8}") = "DataAccess", "DataAccess", "{446E915C-1D0C-4899-AC68-F6C27CF10D0D}"
EndProject
Project("{FAE04EC0-301F-11D3-BF4B-00C04F79EFBC}") = "PS213020_Server.Core", "PS213020_Server.Core\PS213020_Server.Core.csproj", "{6A82EA54-5B08-4127-BC8D-16F0A4F2A6C9}"
EndProject
Project("{FAE04EC0-301F-11D3-BF4B-00C04F79EFBC}") = "PS213020_Server.BusinesLogic", "PS213020_Server.BusinesLogic\PS213020_Server.BusinesLogic.csproj", "{2B87B39C-9C14-4F26-8616-AFCFA2622CEF}"
EndProject
Project("{FAE04EC0-301F-11D3-BF4B-00C04F79EFBC}") = "PS213020_Server.BusinesLogic.Core", "PS213020_Server.BusinesLogic.Core\PS213020_Server.BusinesLogic.Core.csproj", "{1A50CD8C-DA42-4CC9-A8AE-0CBC632FE533}"
EndProject
Project("{FAE04EC0-301F-11D3-BF4B-00C04F79EFBC}") = "PS213020_Serve.DataAccess", "PS213020_Serve.DataAccess\PS213020_Serve.DataAccess.csproj", "{E24EFA28-69CF-43C7-8B4D-45106C75426D}"
EndProject
Project("{FAE04EC0-301F-11D3-BF4B-00C04F79EFBC}") = "PS213020_Serve.DataAccess.Core", "PS213020_Serve.DataAccess.Core\PS213020_Serve.DataAccess.Core.csproj", "{15A91D7C-EFB0-463B-9B6B-AAE61B8AA675}"
EndProject
Global
	GlobalSection(SolutionConfigurationPlatforms) = preSolution
		Debug|Any CPU = Debug|Any CPU
		Release|Any CPU = Release|Any CPU
	EndGlobalSection
	GlobalSection(ProjectConfigurationPlatforms) = postSolution
		{F1440CFC-81CC-46FB-AB9F-846B32AB1A14}.Debug|Any CPU.ActiveCfg = Debug|Any CPU
		{F1440CFC-81CC-46FB-AB9F-846B32AB1A14}.Debug|Any CPU.Build.0 = Debug|Any CPU
		{F1440CFC-81CC-46FB-AB9F-846B32AB1A14}.Release|Any CPU.ActiveCfg = Release|Any CPU
		{F1440CFC-81CC-46FB-AB9F-846B32AB1A14}.Release|Any CPU.Build.0 = Release|Any CPU
		{6A82EA54-5B08-4127-BC8D-16F0A4F2A6C9}.Debug|Any CPU.ActiveCfg = Debug|Any CPU
		{6A82EA54-5B08-4127-BC8D-16F0A4F2A6C9}.Debug|Any CPU.Build.0 = Debug|Any CPU
		{6A82EA54-5B08-4127-BC8D-16F0A4F2A6C9}.Release|Any CPU.ActiveCfg = Release|Any CPU
		{6A82EA54-5B08-4127-BC8D-16F0A4F2A6C9}.Release|Any CPU.Build.0 = Release|Any CPU
		{2B87B39C-9C14-4F26-8616-AFCFA2622CEF}.Debug|Any CPU.ActiveCfg = Debug|Any CPU
		{2B87B39C-9C14-4F26-8616-AFCFA2622CEF}.Debug|Any CPU.Build.0 = Debug|Any CPU
		{2B87B39C-9C14-4F26-8616-AFCFA2622CEF}.Release|Any CPU.ActiveCfg = Release|Any CPU
		{2B87B39C-9C14-4F26-8616-AFCFA2622CEF}.Release|Any CPU.Build.0 = Release|Any CPU
		{1A50CD8C-DA42-4CC9-A8AE-0CBC632FE533}.Debug|Any CPU.ActiveCfg = Debug|Any CPU
		{1A50CD8C-DA42-4CC9-A8AE-0CBC632FE533}.Debug|Any CPU.Build.0 = Debug|Any CPU
		{1A50CD8C-DA42-4CC9-A8AE-0CBC632FE533}.Release|Any CPU.ActiveCfg = Release|Any CPU
		{1A50CD8C-DA42-4CC9-A8AE-0CBC632FE533}.Release|Any CPU.Build.0 = Release|Any CPU
		{E24EFA28-69CF-43C7-8B4D-45106C75426D}.Debug|Any CPU.ActiveCfg = Debug|Any CPU
		{E24EFA28-69CF-43C7-8B4D-45106C75426D}.Debug|Any CPU.Build.0 = Debug|Any CPU
		{E24EFA28-69CF-43C7-8B4D-45106C75426D}.Release|Any CPU.ActiveCfg = Release|Any CPU
		{E24EFA28-69CF-43C7-8B4D-45106C75426D}.Release|Any CPU.Build.0 = Release|Any CPU
		{15A91D7C-EFB0-463B-9B6B-AAE61B8AA675}.Debug|Any CPU.ActiveCfg = Debug|Any CPU
		{15A91D7C-EFB0-463B-9B6B-AAE61B8AA675}.Debug|Any CPU.Build.0 = Debug|Any CPU
		{15A91D7C-EFB0-463B-9B6B-AAE61B8AA675}.Release|Any CPU.ActiveCfg = Release|Any CPU
		{15A91D7C-EFB0-463B-9B6B-AAE61B8AA675}.Release|Any CPU.Build.0 = Release|Any CPU
	EndGlobalSection
	GlobalSection(SolutionProperties) = preSolution
		HideSolutionNode = FALSE
	EndGlobalSection
	GlobalSection(NestedProjects) = preSolution
		{F1440CFC-81CC-46FB-AB9F-846B32AB1A14} = {181913EA-3AAA-4AC1-B483-362EB718ABED}
		{6A82EA54-5B08-4127-BC8D-16F0A4F2A6C9} = {181913EA-3AAA-4AC1-B483-362EB718ABED}
		{2B87B39C-9C14-4F26-8616-AFCFA2622CEF} = {67D50A11-2A7E-4A7E-9D07-B623F868E068}
		{1A50CD8C-DA42-4CC9-A8AE-0CBC632FE533} = {67D50A11-2A7E-4A7E-9D07-B623F868E068}
		{E24EFA28-69CF-43C7-8B4D-45106C75426D} = {446E915C-1D0C-4899-AC68-F6C27CF10D0D}
		{15A91D7C-EFB0-463B-9B6B-AAE61B8AA675} = {446E915C-1D0C-4899-AC68-F6C27CF10D0D}
	EndGlobalSection
	GlobalSection(ExtensibilityGlobals) = postSolution
		SolutionGuid = {EBE9C3F8-8E0B-4173-AB97-82CD368A5738}
	EndGlobalSection
EndGlobal
