
Microsoft Visual Studio Solution File, Format Version 12.00
# Visual Studio Version 16
VisualStudioVersion = 16.0.30413.136
MinimumVisualStudioVersion = 10.0.40219.1
Project("{FAE04EC0-301F-11D3-BF4B-00C04F79EFBC}") = "PS223020_server", "PS223020_server.csproj", "{C4A15445-54A7-44E5-8962-5553808CD312}"
EndProject
Project("{2150E333-8FDC-42A3-9474-1A3956D46DE8}") = "Api", "Api", "{4B39E426-9FC4-4643-88CF-84179E75E48E}"
EndProject
Project("{2150E333-8FDC-42A3-9474-1A3956D46DE8}") = "BusinesLogic", "BusinesLogic", "{A5AC905C-FB2D-4515-9727-FA58D9D1F008}"
EndProject
Project("{2150E333-8FDC-42A3-9474-1A3956D46DE8}") = "DataAcess", "DataAcess", "{1FD21F6F-5FB4-49D0-BEAC-2055B2F5F2D8}"
EndProject
Project("{FAE04EC0-301F-11D3-BF4B-00C04F79EFBC}") = "PS223020_server.Core", "..\PS223020_server.Core\PS223020_server.Core.csproj", "{8C0083D5-420A-4A1F-B983-62B03DAEBCED}"
EndProject
Project("{FAE04EC0-301F-11D3-BF4B-00C04F79EFBC}") = "PS223020_server.BusinesLogic.Core", "..\BusinesLogic.Core\PS223020_server.BusinesLogic.Core.csproj", "{2CABDEFC-3734-437E-AEB8-08BF4975789F}"
EndProject
Project("{FAE04EC0-301F-11D3-BF4B-00C04F79EFBC}") = "PS223020_server.DataAcess.Core", "..\DataAcess.Core\PS223020_server.DataAcess.Core.csproj", "{E2F741E5-A134-4938-96CD-CC5DE14AAB78}"
EndProject
Project("{FAE04EC0-301F-11D3-BF4B-00C04F79EFBC}") = "PS223020_server.BusinesLogic", "..\PS223020_server.BusinesLogic\PS223020_server.BusinesLogic.csproj", "{28894A81-14DE-45B0-93F3-B2E0E314D53C}"
EndProject
Project("{FAE04EC0-301F-11D3-BF4B-00C04F79EFBC}") = "PS223020_server.DataAcess", "..\PS223020_server.DataAxess\PS223020_server.DataAcess.csproj", "{686B2A1B-98F9-4844-AD24-EDE79E63D792}"
EndProject
Project("{2150E333-8FDC-42A3-9474-1A3956D46DE8}") = "Shared", "Shared", "{3710F0A6-9B3A-4048-BC8A-7C6C9EA233BE}"
EndProject
Project("{FAE04EC0-301F-11D3-BF4B-00C04F79EFBC}") = "PS223020_server.Shared", "..\PS223020_server.Shared\PS223020_server.Shared.csproj", "{B25A3E24-B9EE-4FEF-8596-00E95B82F826}"
EndProject
Global
	GlobalSection(SolutionConfigurationPlatforms) = preSolution
		Debug|Any CPU = Debug|Any CPU
		Release|Any CPU = Release|Any CPU
	EndGlobalSection
	GlobalSection(ProjectConfigurationPlatforms) = postSolution
		{C4A15445-54A7-44E5-8962-5553808CD312}.Debug|Any CPU.ActiveCfg = Debug|Any CPU
		{C4A15445-54A7-44E5-8962-5553808CD312}.Debug|Any CPU.Build.0 = Debug|Any CPU
		{C4A15445-54A7-44E5-8962-5553808CD312}.Release|Any CPU.ActiveCfg = Release|Any CPU
		{C4A15445-54A7-44E5-8962-5553808CD312}.Release|Any CPU.Build.0 = Release|Any CPU
		{8C0083D5-420A-4A1F-B983-62B03DAEBCED}.Debug|Any CPU.ActiveCfg = Debug|Any CPU
		{8C0083D5-420A-4A1F-B983-62B03DAEBCED}.Debug|Any CPU.Build.0 = Debug|Any CPU
		{8C0083D5-420A-4A1F-B983-62B03DAEBCED}.Release|Any CPU.ActiveCfg = Release|Any CPU
		{8C0083D5-420A-4A1F-B983-62B03DAEBCED}.Release|Any CPU.Build.0 = Release|Any CPU
		{2CABDEFC-3734-437E-AEB8-08BF4975789F}.Debug|Any CPU.ActiveCfg = Debug|Any CPU
		{2CABDEFC-3734-437E-AEB8-08BF4975789F}.Debug|Any CPU.Build.0 = Debug|Any CPU
		{2CABDEFC-3734-437E-AEB8-08BF4975789F}.Release|Any CPU.ActiveCfg = Release|Any CPU
		{2CABDEFC-3734-437E-AEB8-08BF4975789F}.Release|Any CPU.Build.0 = Release|Any CPU
		{E2F741E5-A134-4938-96CD-CC5DE14AAB78}.Debug|Any CPU.ActiveCfg = Debug|Any CPU
		{E2F741E5-A134-4938-96CD-CC5DE14AAB78}.Debug|Any CPU.Build.0 = Debug|Any CPU
		{E2F741E5-A134-4938-96CD-CC5DE14AAB78}.Release|Any CPU.ActiveCfg = Release|Any CPU
		{E2F741E5-A134-4938-96CD-CC5DE14AAB78}.Release|Any CPU.Build.0 = Release|Any CPU
		{28894A81-14DE-45B0-93F3-B2E0E314D53C}.Debug|Any CPU.ActiveCfg = Debug|Any CPU
		{28894A81-14DE-45B0-93F3-B2E0E314D53C}.Debug|Any CPU.Build.0 = Debug|Any CPU
		{28894A81-14DE-45B0-93F3-B2E0E314D53C}.Release|Any CPU.ActiveCfg = Release|Any CPU
		{28894A81-14DE-45B0-93F3-B2E0E314D53C}.Release|Any CPU.Build.0 = Release|Any CPU
		{686B2A1B-98F9-4844-AD24-EDE79E63D792}.Debug|Any CPU.ActiveCfg = Debug|Any CPU
		{686B2A1B-98F9-4844-AD24-EDE79E63D792}.Debug|Any CPU.Build.0 = Debug|Any CPU
		{686B2A1B-98F9-4844-AD24-EDE79E63D792}.Release|Any CPU.ActiveCfg = Release|Any CPU
		{686B2A1B-98F9-4844-AD24-EDE79E63D792}.Release|Any CPU.Build.0 = Release|Any CPU
		{B25A3E24-B9EE-4FEF-8596-00E95B82F826}.Debug|Any CPU.ActiveCfg = Debug|Any CPU
		{B25A3E24-B9EE-4FEF-8596-00E95B82F826}.Debug|Any CPU.Build.0 = Debug|Any CPU
		{B25A3E24-B9EE-4FEF-8596-00E95B82F826}.Release|Any CPU.ActiveCfg = Release|Any CPU
		{B25A3E24-B9EE-4FEF-8596-00E95B82F826}.Release|Any CPU.Build.0 = Release|Any CPU
	EndGlobalSection
	GlobalSection(SolutionProperties) = preSolution
		HideSolutionNode = FALSE
	EndGlobalSection
	GlobalSection(NestedProjects) = preSolution
		{C4A15445-54A7-44E5-8962-5553808CD312} = {4B39E426-9FC4-4643-88CF-84179E75E48E}
		{8C0083D5-420A-4A1F-B983-62B03DAEBCED} = {4B39E426-9FC4-4643-88CF-84179E75E48E}
		{2CABDEFC-3734-437E-AEB8-08BF4975789F} = {A5AC905C-FB2D-4515-9727-FA58D9D1F008}
		{E2F741E5-A134-4938-96CD-CC5DE14AAB78} = {1FD21F6F-5FB4-49D0-BEAC-2055B2F5F2D8}
		{28894A81-14DE-45B0-93F3-B2E0E314D53C} = {A5AC905C-FB2D-4515-9727-FA58D9D1F008}
		{686B2A1B-98F9-4844-AD24-EDE79E63D792} = {1FD21F6F-5FB4-49D0-BEAC-2055B2F5F2D8}
		{B25A3E24-B9EE-4FEF-8596-00E95B82F826} = {3710F0A6-9B3A-4048-BC8A-7C6C9EA233BE}
	EndGlobalSection
	GlobalSection(ExtensibilityGlobals) = postSolution
		SolutionGuid = {E38F7A62-2D17-4003-A4C1-2CDBC0E7BE44}
	EndGlobalSection
EndGlobal
